
Microsoft Visual Studio Solution File, Format Version 12.00
# Visual Studio Version 17
VisualStudioVersion = 17.5.002.0
MinimumVisualStudioVersion = 10.0.40219.1
Project("{9A19103F-16F7-4668-BE54-9A1E7A4F7556}") = "Example001_HelloConsole", "Example001_HelloConsole.csproj", "{EC460AC6-C5EF-407B-992D-9B9AC3A01F1C}"
EndProject
Global
	GlobalSection(SolutionConfigurationPlatforms) = preSolution
		Debug|Any CPU = Debug|Any CPU
		Release|Any CPU = Release|Any CPU
	EndGlobalSection
	GlobalSection(ProjectConfigurationPlatforms) = postSolution
		{EC460AC6-C5EF-407B-992D-9B9AC3A01F1C}.Debug|Any CPU.ActiveCfg = Debug|Any CPU
		{EC460AC6-C5EF-407B-992D-9B9AC3A01F1C}.Debug|Any CPU.Build.0 = Debug|Any CPU
		{EC460AC6-C5EF-407B-992D-9B9AC3A01F1C}.Release|Any CPU.ActiveCfg = Release|Any CPU
		{EC460AC6-C5EF-407B-992D-9B9AC3A01F1C}.Release|Any CPU.Build.0 = Release|Any CPU
	EndGlobalSection
	GlobalSection(SolutionProperties) = preSolution
		HideSolutionNode = FALSE
	EndGlobalSection
	GlobalSection(ExtensibilityGlobals) = postSolution
		SolutionGuid = {698D45CA-96C0-4A88-9988-D60AAC3CF5C5}
	EndGlobalSection
EndGlobal
